
Microsoft Visual Studio Solution File, Format Version 12.00
# Visual Studio Version 16
VisualStudioVersion = 16.0.30907.101
MinimumVisualStudioVersion = 10.0.40219.1
Project("{FAE04EC0-301F-11D3-BF4B-00C04F79EFBC}") = "FunctionUnitTesting", "FunctionUnitTesting\FunctionUnitTesting.csproj", "{70124AA7-AB45-434C-808B-02EC6CC25317}"
EndProject
Project("{FAE04EC0-301F-11D3-BF4B-00C04F79EFBC}") = "XUnitTestProject", "XUnitTestProject\XUnitTestProject.csproj", "{84745D18-5409-40DD-995B-6E777FF252F1}"
EndProject
Global
	GlobalSection(SolutionConfigurationPlatforms) = preSolution
		Debug|Any CPU = Debug|Any CPU
		Release|Any CPU = Release|Any CPU
	EndGlobalSection
	GlobalSection(ProjectConfigurationPlatforms) = postSolution
		{70124AA7-AB45-434C-808B-02EC6CC25317}.Debug|Any CPU.ActiveCfg = Debug|Any CPU
		{70124AA7-AB45-434C-808B-02EC6CC25317}.Debug|Any CPU.Build.0 = Debug|Any CPU
		{70124AA7-AB45-434C-808B-02EC6CC25317}.Release|Any CPU.ActiveCfg = Release|Any CPU
		{70124AA7-AB45-434C-808B-02EC6CC25317}.Release|Any CPU.Build.0 = Release|Any CPU
		{84745D18-5409-40DD-995B-6E777FF252F1}.Debug|Any CPU.ActiveCfg = Debug|Any CPU
		{84745D18-5409-40DD-995B-6E777FF252F1}.Debug|Any CPU.Build.0 = Debug|Any CPU
		{84745D18-5409-40DD-995B-6E777FF252F1}.Release|Any CPU.ActiveCfg = Release|Any CPU
		{84745D18-5409-40DD-995B-6E777FF252F1}.Release|Any CPU.Build.0 = Release|Any CPU
	EndGlobalSection
	GlobalSection(SolutionProperties) = preSolution
		HideSolutionNode = FALSE
	EndGlobalSection
	GlobalSection(ExtensibilityGlobals) = postSolution
		SolutionGuid = {5C9010E8-5C31-46A9-AC47-7CF962AB4E5E}
	EndGlobalSection
EndGlobal
